// !$*UTF8*$!
{
	archiveVersion = 1;
	classes = {
	};
	objectVersion = 46;
	objects = {

/* Begin PBXBuildFile section */
		6D592DFC659270848B691D86 /* Pods_Spellbook.framework in Frameworks */ = {isa = PBXBuildFile; fileRef = 737174F935C47D650FDE05E5 /* Pods_Spellbook.framework */; };
		9B33AAC91F8311E40027E0F5 /* CompendiumVC.swift in Sources */ = {isa = PBXBuildFile; fileRef = 9B33AAC81F8311E40027E0F5 /* CompendiumVC.swift */; };
		9B33AACB1F8312600027E0F5 /* CompendiumLayout.swift in Sources */ = {isa = PBXBuildFile; fileRef = 9B33AACA1F8312600027E0F5 /* CompendiumLayout.swift */; };
		9B33AACF1F83140A0027E0F5 /* Spellbook.xml in Resources */ = {isa = PBXBuildFile; fileRef = 9B33AACE1F83140A0027E0F5 /* Spellbook.xml */; };
		9B4A81871FBA30E1003CE643 /* AddSpellbookFunctions.swift in Sources */ = {isa = PBXBuildFile; fileRef = 9B4A81861FBA30E1003CE643 /* AddSpellbookFunctions.swift */; };
		9B797D0D1F79CBEC00A3449F /* MainLayout.swift in Sources */ = {isa = PBXBuildFile; fileRef = 9B797D0C1F79CBEC00A3449F /* MainLayout.swift */; };
		9B797D121F79CFBD00A3449F /* TitleBar.swift in Sources */ = {isa = PBXBuildFile; fileRef = 9B797D111F79CFBD00A3449F /* TitleBar.swift */; };
		9B797D141F7A162400A3449F /* SystemButton.swift in Sources */ = {isa = PBXBuildFile; fileRef = 9B797D131F7A162400A3449F /* SystemButton.swift */; };
		9B797D161F7A1B6900A3449F /* SpellbookCollectionCell.swift in Sources */ = {isa = PBXBuildFile; fileRef = 9B797D151F7A1B6900A3449F /* SpellbookCollectionCell.swift */; };
		9B797D181F7AACAF00A3449F /* SpellbookCollectionLayout.swift in Sources */ = {isa = PBXBuildFile; fileRef = 9B797D171F7AACAE00A3449F /* SpellbookCollectionLayout.swift */; };
		9B797D1B1F7AB0B500A3449F /* CharacterClass.swift in Sources */ = {isa = PBXBuildFile; fileRef = 9B797D1A1F7AB0B500A3449F /* CharacterClass.swift */; };
		9BAA93D51F7B1EBA001FEE61 /* MainCoreDataHelper.swift in Sources */ = {isa = PBXBuildFile; fileRef = 9BAA93D41F7B1EBA001FEE61 /* MainCoreDataHelper.swift */; };
		9BAA93D81F7B4009001FEE61 /* AddSpellbookVC.swift in Sources */ = {isa = PBXBuildFile; fileRef = 9BAA93D71F7B4009001FEE61 /* AddSpellbookVC.swift */; };
		9BAA94351F7D3C20001FEE61 /* AddSpellbookLayout.swift in Sources */ = {isa = PBXBuildFile; fileRef = 9BAA94341F7D3C20001FEE61 /* AddSpellbookLayout.swift */; };
		9BAA94371F7D4A7F001FEE61 /* Shared.swift in Sources */ = {isa = PBXBuildFile; fileRef = 9BAA94361F7D4A7E001FEE61 /* Shared.swift */; };
		9BAA94391F7D535D001FEE61 /* InputField.swift in Sources */ = {isa = PBXBuildFile; fileRef = 9BAA94381F7D535D001FEE61 /* InputField.swift */; };
		9BAA943B1F7D559D001FEE61 /* SelectorButton.swift in Sources */ = {isa = PBXBuildFile; fileRef = 9BAA943A1F7D559D001FEE61 /* SelectorButton.swift */; };
		9BAA94431F7EC181001FEE61 /* SpellCell.swift in Sources */ = {isa = PBXBuildFile; fileRef = 9BAA94421F7EC181001FEE61 /* SpellCell.swift */; };
		9BAA944A1F82EEC8001FEE61 /* Spells5e.swift in Sources */ = {isa = PBXBuildFile; fileRef = 9BAA94491F82EEC8001FEE61 /* Spells5e.swift */; };
		9BE826361F748936007ECF9F /* AppDelegate.swift in Sources */ = {isa = PBXBuildFile; fileRef = 9BE826351F748936007ECF9F /* AppDelegate.swift */; };
		9BE826381F748936007ECF9F /* MainVC.swift in Sources */ = {isa = PBXBuildFile; fileRef = 9BE826371F748936007ECF9F /* MainVC.swift */; };
		9BE8263B1F748936007ECF9F /* Main.storyboard in Resources */ = {isa = PBXBuildFile; fileRef = 9BE826391F748936007ECF9F /* Main.storyboard */; };
		9BE8263E1F748936007ECF9F /* Spellbook.xcdatamodeld in Sources */ = {isa = PBXBuildFile; fileRef = 9BE8263C1F748936007ECF9F /* Spellbook.xcdatamodeld */; };
		9BE826401F748936007ECF9F /* Assets.xcassets in Resources */ = {isa = PBXBuildFile; fileRef = 9BE8263F1F748936007ECF9F /* Assets.xcassets */; };
		9BE826431F748936007ECF9F /* LaunchScreen.storyboard in Resources */ = {isa = PBXBuildFile; fileRef = 9BE826411F748936007ECF9F /* LaunchScreen.storyboard */; };
		9BED58131F9619CF00E93FFD /* SettingsVC.swift in Sources */ = {isa = PBXBuildFile; fileRef = 9BED58121F9619CF00E93FFD /* SettingsVC.swift */; };
		9BED58151F961C2500E93FFD /* SettingsLayout.swift in Sources */ = {isa = PBXBuildFile; fileRef = 9BED58141F961C2500E93FFD /* SettingsLayout.swift */; };
		9BED58171F961EE300E93FFD /* SettingsCell.swift in Sources */ = {isa = PBXBuildFile; fileRef = 9BED58161F961EE300E93FFD /* SettingsCell.swift */; };
/* End PBXBuildFile section */

/* Begin PBXFileReference section */
		3D653BA729B29EB7F5027B5B /* Pods-Spellbook.debug.xcconfig */ = {isa = PBXFileReference; includeInIndex = 1; lastKnownFileType = text.xcconfig; name = "Pods-Spellbook.debug.xcconfig"; path = "Pods/Target Support Files/Pods-Spellbook/Pods-Spellbook.debug.xcconfig"; sourceTree = "<group>"; };
		737174F935C47D650FDE05E5 /* Pods_Spellbook.framework */ = {isa = PBXFileReference; explicitFileType = wrapper.framework; includeInIndex = 0; path = Pods_Spellbook.framework; sourceTree = BUILT_PRODUCTS_DIR; };
		9B33AAC81F8311E40027E0F5 /* CompendiumVC.swift */ = {isa = PBXFileReference; lastKnownFileType = sourcecode.swift; path = CompendiumVC.swift; sourceTree = "<group>"; };
		9B33AACA1F8312600027E0F5 /* CompendiumLayout.swift */ = {isa = PBXFileReference; lastKnownFileType = sourcecode.swift; path = CompendiumLayout.swift; sourceTree = "<group>"; };
		9B33AACE1F83140A0027E0F5 /* Spellbook.xml */ = {isa = PBXFileReference; lastKnownFileType = text.xml; path = Spellbook.xml; sourceTree = "<group>"; };
		9B4A81861FBA30E1003CE643 /* AddSpellbookFunctions.swift */ = {isa = PBXFileReference; lastKnownFileType = sourcecode.swift; path = AddSpellbookFunctions.swift; sourceTree = "<group>"; };
		9B797D0C1F79CBEC00A3449F /* MainLayout.swift */ = {isa = PBXFileReference; lastKnownFileType = sourcecode.swift; path = MainLayout.swift; sourceTree = "<group>"; };
		9B797D111F79CFBD00A3449F /* TitleBar.swift */ = {isa = PBXFileReference; lastKnownFileType = sourcecode.swift; path = TitleBar.swift; sourceTree = "<group>"; };
		9B797D131F7A162400A3449F /* SystemButton.swift */ = {isa = PBXFileReference; lastKnownFileType = sourcecode.swift; path = SystemButton.swift; sourceTree = "<group>"; };
		9B797D151F7A1B6900A3449F /* SpellbookCollectionCell.swift */ = {isa = PBXFileReference; lastKnownFileType = sourcecode.swift; path = SpellbookCollectionCell.swift; sourceTree = "<group>"; };
		9B797D171F7AACAE00A3449F /* SpellbookCollectionLayout.swift */ = {isa = PBXFileReference; lastKnownFileType = sourcecode.swift; path = SpellbookCollectionLayout.swift; sourceTree = "<group>"; };
		9B797D1A1F7AB0B500A3449F /* CharacterClass.swift */ = {isa = PBXFileReference; lastKnownFileType = sourcecode.swift; path = CharacterClass.swift; sourceTree = "<group>"; };
		9BAA93D41F7B1EBA001FEE61 /* MainCoreDataHelper.swift */ = {isa = PBXFileReference; lastKnownFileType = sourcecode.swift; path = MainCoreDataHelper.swift; sourceTree = "<group>"; };
		9BAA93D71F7B4009001FEE61 /* AddSpellbookVC.swift */ = {isa = PBXFileReference; lastKnownFileType = sourcecode.swift; path = AddSpellbookVC.swift; sourceTree = "<group>"; };
		9BAA94341F7D3C20001FEE61 /* AddSpellbookLayout.swift */ = {isa = PBXFileReference; lastKnownFileType = sourcecode.swift; path = AddSpellbookLayout.swift; sourceTree = "<group>"; };
		9BAA94361F7D4A7E001FEE61 /* Shared.swift */ = {isa = PBXFileReference; lastKnownFileType = sourcecode.swift; path = Shared.swift; sourceTree = "<group>"; };
		9BAA94381F7D535D001FEE61 /* InputField.swift */ = {isa = PBXFileReference; lastKnownFileType = sourcecode.swift; path = InputField.swift; sourceTree = "<group>"; };
		9BAA943A1F7D559D001FEE61 /* SelectorButton.swift */ = {isa = PBXFileReference; lastKnownFileType = sourcecode.swift; path = SelectorButton.swift; sourceTree = "<group>"; };
		9BAA94421F7EC181001FEE61 /* SpellCell.swift */ = {isa = PBXFileReference; lastKnownFileType = sourcecode.swift; path = SpellCell.swift; sourceTree = "<group>"; };
		9BAA94491F82EEC8001FEE61 /* Spells5e.swift */ = {isa = PBXFileReference; lastKnownFileType = sourcecode.swift; path = Spells5e.swift; sourceTree = "<group>"; };
		9BE826321F748936007ECF9F /* Spellbook.app */ = {isa = PBXFileReference; explicitFileType = wrapper.application; includeInIndex = 0; path = Spellbook.app; sourceTree = BUILT_PRODUCTS_DIR; };
		9BE826351F748936007ECF9F /* AppDelegate.swift */ = {isa = PBXFileReference; lastKnownFileType = sourcecode.swift; path = AppDelegate.swift; sourceTree = "<group>"; };
		9BE826371F748936007ECF9F /* MainVC.swift */ = {isa = PBXFileReference; lastKnownFileType = sourcecode.swift; name = MainVC.swift; path = Spellbook/MainVC.swift; sourceTree = "<group>"; };
		9BE8263A1F748936007ECF9F /* Base */ = {isa = PBXFileReference; lastKnownFileType = file.storyboard; name = Base; path = Base.lproj/Main.storyboard; sourceTree = "<group>"; };
		9BE8263D1F748936007ECF9F /* Spellbook.xcdatamodel */ = {isa = PBXFileReference; lastKnownFileType = wrapper.xcdatamodel; path = Spellbook.xcdatamodel; sourceTree = "<group>"; };
		9BE8263F1F748936007ECF9F /* Assets.xcassets */ = {isa = PBXFileReference; lastKnownFileType = folder.assetcatalog; path = Assets.xcassets; sourceTree = "<group>"; };
		9BE826421F748936007ECF9F /* Base */ = {isa = PBXFileReference; lastKnownFileType = file.storyboard; name = Base; path = Base.lproj/LaunchScreen.storyboard; sourceTree = "<group>"; };
		9BE826441F748936007ECF9F /* Info.plist */ = {isa = PBXFileReference; lastKnownFileType = text.plist.xml; path = Info.plist; sourceTree = "<group>"; };
		9BED58121F9619CF00E93FFD /* SettingsVC.swift */ = {isa = PBXFileReference; lastKnownFileType = sourcecode.swift; path = SettingsVC.swift; sourceTree = "<group>"; };
		9BED58141F961C2500E93FFD /* SettingsLayout.swift */ = {isa = PBXFileReference; lastKnownFileType = sourcecode.swift; path = SettingsLayout.swift; sourceTree = "<group>"; };
		9BED58161F961EE300E93FFD /* SettingsCell.swift */ = {isa = PBXFileReference; lastKnownFileType = sourcecode.swift; path = SettingsCell.swift; sourceTree = "<group>"; };
		EAB64A1BF10EC141DAABC2A4 /* Pods-Spellbook.release.xcconfig */ = {isa = PBXFileReference; includeInIndex = 1; lastKnownFileType = text.xcconfig; name = "Pods-Spellbook.release.xcconfig"; path = "Pods/Target Support Files/Pods-Spellbook/Pods-Spellbook.release.xcconfig"; sourceTree = "<group>"; };
/* End PBXFileReference section */

/* Begin PBXFrameworksBuildPhase section */
		9BE8262F1F748936007ECF9F /* Frameworks */ = {
			isa = PBXFrameworksBuildPhase;
			buildActionMask = 2147483647;
			files = (
				6D592DFC659270848B691D86 /* Pods_Spellbook.framework in Frameworks */,
			);
			runOnlyForDeploymentPostprocessing = 0;
		};
/* End PBXFrameworksBuildPhase section */

/* Begin PBXGroup section */
		729BB39AF74E1790CA50D4DA /* Pods */ = {
			isa = PBXGroup;
			children = (
				3D653BA729B29EB7F5027B5B /* Pods-Spellbook.debug.xcconfig */,
				EAB64A1BF10EC141DAABC2A4 /* Pods-Spellbook.release.xcconfig */,
			);
			name = Pods;
			sourceTree = "<group>";
		};
		9B797D0B1F79CBD600A3449F /* MainVC */ = {
			isa = PBXGroup;
			children = (
				9BE826371F748936007ECF9F /* MainVC.swift */,
				9BAA93D41F7B1EBA001FEE61 /* MainCoreDataHelper.swift */,
				9B797D0C1F79CBEC00A3449F /* MainLayout.swift */,
			);
			name = MainVC;
			sourceTree = "<group>";
		};
		9B797D0E1F79CF8600A3449F /* CompendiumVC */ = {
			isa = PBXGroup;
			children = (
				9B33AAC81F8311E40027E0F5 /* CompendiumVC.swift */,
				9B33AACA1F8312600027E0F5 /* CompendiumLayout.swift */,
			);
			name = CompendiumVC;
			sourceTree = "<group>";
		};
		9B797D0F1F79CFA900A3449F /* View */ = {
			isa = PBXGroup;
			children = (
				9BAA94411F7DE312001FEE61 /* Cells */,
				9B797D191F7AACD500A3449F /* Layout */,
				9B797D101F79CFB100A3449F /* Style */,
			);
			path = View;
			sourceTree = "<group>";
		};
		9B797D101F79CFB100A3449F /* Style */ = {
			isa = PBXGroup;
			children = (
				9B797D111F79CFBD00A3449F /* TitleBar.swift */,
				9B797D131F7A162400A3449F /* SystemButton.swift */,
				9BAA94381F7D535D001FEE61 /* InputField.swift */,
				9BAA943A1F7D559D001FEE61 /* SelectorButton.swift */,
			);
			path = Style;
			sourceTree = "<group>";
		};
		9B797D191F7AACD500A3449F /* Layout */ = {
			isa = PBXGroup;
			children = (
				9B797D171F7AACAE00A3449F /* SpellbookCollectionLayout.swift */,
			);
			path = Layout;
			sourceTree = "<group>";
		};
		9BAA93D61F7B3FC7001FEE61 /* AddSpellbookVC */ = {
			isa = PBXGroup;
			children = (
				9BAA93D71F7B4009001FEE61 /* AddSpellbookVC.swift */,
				9B4A81861FBA30E1003CE643 /* AddSpellbookFunctions.swift */,
				9BAA94341F7D3C20001FEE61 /* AddSpellbookLayout.swift */,
			);
			name = AddSpellbookVC;
			sourceTree = "<group>";
		};
		9BAA94411F7DE312001FEE61 /* Cells */ = {
			isa = PBXGroup;
			children = (
				9BAA94421F7EC181001FEE61 /* SpellCell.swift */,
				9BED58161F961EE300E93FFD /* SettingsCell.swift */,
				9B797D151F7A1B6900A3449F /* SpellbookCollectionCell.swift */,
			);
			path = Cells;
			sourceTree = "<group>";
		};
		9BE826291F748936007ECF9F = {
			isa = PBXGroup;
			children = (
				9B797D0F1F79CFA900A3449F /* View */,
				9BE8264B1F74A6EE007ECF9F /* Model */,
				9BE8264A1F74899C007ECF9F /* Controller */,
				9BE826341F748936007ECF9F /* Spellbook */,
				9BE826331F748936007ECF9F /* Products */,
				729BB39AF74E1790CA50D4DA /* Pods */,
				EC20CD8F4B547D8A3604CBDB /* Frameworks */,
			);
			sourceTree = "<group>";
		};
		9BE826331F748936007ECF9F /* Products */ = {
			isa = PBXGroup;
			children = (
				9BE826321F748936007ECF9F /* Spellbook.app */,
			);
			name = Products;
			sourceTree = "<group>";
		};
		9BE826341F748936007ECF9F /* Spellbook */ = {
			isa = PBXGroup;
			children = (
				9BE826351F748936007ECF9F /* AppDelegate.swift */,
				9BE826391F748936007ECF9F /* Main.storyboard */,
				9BE8263F1F748936007ECF9F /* Assets.xcassets */,
				9BE826411F748936007ECF9F /* LaunchScreen.storyboard */,
				9BE826441F748936007ECF9F /* Info.plist */,
			);
			path = Spellbook;
			sourceTree = "<group>";
		};
		9BE8264A1F74899C007ECF9F /* Controller */ = {
			isa = PBXGroup;
			children = (
				9B797D0B1F79CBD600A3449F /* MainVC */,
				9BAA93D61F7B3FC7001FEE61 /* AddSpellbookVC */,
				9BED58101F9619AF00E93FFD /* SettingsVC */,
				9B797D0E1F79CF8600A3449F /* CompendiumVC */,
			);
			name = Controller;
			sourceTree = "<group>";
		};
		9BE8264B1F74A6EE007ECF9F /* Model */ = {
			isa = PBXGroup;
			children = (
				9BE8263C1F748936007ECF9F /* Spellbook.xcdatamodeld */,
				9B33AACE1F83140A0027E0F5 /* Spellbook.xml */,
				9B797D1A1F7AB0B500A3449F /* CharacterClass.swift */,
				9BAA94361F7D4A7E001FEE61 /* Shared.swift */,
				9BAA94491F82EEC8001FEE61 /* Spells5e.swift */,
			);
			name = Model;
			sourceTree = "<group>";
		};
		9BED58101F9619AF00E93FFD /* SettingsVC */ = {
			isa = PBXGroup;
			children = (
				9BED58121F9619CF00E93FFD /* SettingsVC.swift */,
				9BED58141F961C2500E93FFD /* SettingsLayout.swift */,
			);
			name = SettingsVC;
			sourceTree = "<group>";
		};
		EC20CD8F4B547D8A3604CBDB /* Frameworks */ = {
			isa = PBXGroup;
			children = (
				737174F935C47D650FDE05E5 /* Pods_Spellbook.framework */,
			);
			name = Frameworks;
			sourceTree = "<group>";
		};
/* End PBXGroup section */

/* Begin PBXNativeTarget section */
		9BE826311F748936007ECF9F /* Spellbook */ = {
			isa = PBXNativeTarget;
			buildConfigurationList = 9BE826471F748936007ECF9F /* Build configuration list for PBXNativeTarget "Spellbook" */;
			buildPhases = (
				5088FA1BC492EF0F20F013B5 /* [CP] Check Pods Manifest.lock */,
				9BE8262E1F748936007ECF9F /* Sources */,
				9BE8262F1F748936007ECF9F /* Frameworks */,
				9BE826301F748936007ECF9F /* Resources */,
				A714082EA852C5088F72BF76 /* [CP] Embed Pods Frameworks */,
				AC8527B2E2A56E0E65AF1FF2 /* [CP] Copy Pods Resources */,
			);
			buildRules = (
			);
			dependencies = (
			);
			name = Spellbook;
			productName = Spellbook;
			productReference = 9BE826321F748936007ECF9F /* Spellbook.app */;
			productType = "com.apple.product-type.application";
		};
/* End PBXNativeTarget section */

/* Begin PBXProject section */
		9BE8262A1F748936007ECF9F /* Project object */ = {
			isa = PBXProject;
			attributes = {
				LastSwiftUpdateCheck = 0830;
				LastUpgradeCheck = 0900;
				ORGANIZATIONNAME = "Craunic Productions";
				TargetAttributes = {
					9BE826311F748936007ECF9F = {
						CreatedOnToolsVersion = 8.3.3;
						DevelopmentTeam = 96SB47X67B;
						LastSwiftMigration = 0900;
						ProvisioningStyle = Automatic;
					};
				};
			};
			buildConfigurationList = 9BE8262D1F748936007ECF9F /* Build configuration list for PBXProject "Spellbook" */;
			compatibilityVersion = "Xcode 3.2";
			developmentRegion = English;
			hasScannedForEncodings = 0;
			knownRegions = (
				en,
				Base,
			);
			mainGroup = 9BE826291F748936007ECF9F;
			productRefGroup = 9BE826331F748936007ECF9F /* Products */;
			projectDirPath = "";
			projectRoot = "";
			targets = (
				9BE826311F748936007ECF9F /* Spellbook */,
			);
		};
/* End PBXProject section */

/* Begin PBXResourcesBuildPhase section */
		9BE826301F748936007ECF9F /* Resources */ = {
			isa = PBXResourcesBuildPhase;
			buildActionMask = 2147483647;
			files = (
				9BE826431F748936007ECF9F /* LaunchScreen.storyboard in Resources */,
				9BE826401F748936007ECF9F /* Assets.xcassets in Resources */,
				9BE8263B1F748936007ECF9F /* Main.storyboard in Resources */,
				9B33AACF1F83140A0027E0F5 /* Spellbook.xml in Resources */,
			);
			runOnlyForDeploymentPostprocessing = 0;
		};
/* End PBXResourcesBuildPhase section */

/* Begin PBXShellScriptBuildPhase section */
		5088FA1BC492EF0F20F013B5 /* [CP] Check Pods Manifest.lock */ = {
			isa = PBXShellScriptBuildPhase;
			buildActionMask = 2147483647;
			files = (
			);
			inputPaths = (
			);
			name = "[CP] Check Pods Manifest.lock";
			outputPaths = (
			);
			runOnlyForDeploymentPostprocessing = 0;
			shellPath = /bin/sh;
			shellScript = "diff \"${PODS_ROOT}/../Podfile.lock\" \"${PODS_ROOT}/Manifest.lock\" > /dev/null\nif [ $? != 0 ] ; then\n    # print error to STDERR\n    echo \"error: The sandbox is not in sync with the Podfile.lock. Run 'pod install' or update your CocoaPods installation.\" >&2\n    exit 1\nfi\n";
			showEnvVarsInLog = 0;
		};
		A714082EA852C5088F72BF76 /* [CP] Embed Pods Frameworks */ = {
			isa = PBXShellScriptBuildPhase;
			buildActionMask = 2147483647;
			files = (
			);
			inputPaths = (
			);
			name = "[CP] Embed Pods Frameworks";
			outputPaths = (
			);
			runOnlyForDeploymentPostprocessing = 0;
			shellPath = /bin/sh;
			shellScript = "\"${SRCROOT}/Pods/Target Support Files/Pods-Spellbook/Pods-Spellbook-frameworks.sh\"\n";
			showEnvVarsInLog = 0;
		};
		AC8527B2E2A56E0E65AF1FF2 /* [CP] Copy Pods Resources */ = {
			isa = PBXShellScriptBuildPhase;
			buildActionMask = 2147483647;
			files = (
			);
			inputPaths = (
			);
			name = "[CP] Copy Pods Resources";
			outputPaths = (
			);
			runOnlyForDeploymentPostprocessing = 0;
			shellPath = /bin/sh;
			shellScript = "\"${SRCROOT}/Pods/Target Support Files/Pods-Spellbook/Pods-Spellbook-resources.sh\"\n";
			showEnvVarsInLog = 0;
		};
/* End PBXShellScriptBuildPhase section */

/* Begin PBXSourcesBuildPhase section */
		9BE8262E1F748936007ECF9F /* Sources */ = {
			isa = PBXSourcesBuildPhase;
			buildActionMask = 2147483647;
			files = (
				9BAA94371F7D4A7F001FEE61 /* Shared.swift in Sources */,
				9BAA944A1F82EEC8001FEE61 /* Spells5e.swift in Sources */,
				9B797D0D1F79CBEC00A3449F /* MainLayout.swift in Sources */,
				9BAA94351F7D3C20001FEE61 /* AddSpellbookLayout.swift in Sources */,
				9BED58151F961C2500E93FFD /* SettingsLayout.swift in Sources */,
				9BAA94391F7D535D001FEE61 /* InputField.swift in Sources */,
				9BE826381F748936007ECF9F /* MainVC.swift in Sources */,
				9B797D121F79CFBD00A3449F /* TitleBar.swift in Sources */,
				9B33AACB1F8312600027E0F5 /* CompendiumLayout.swift in Sources */,
				9BE826361F748936007ECF9F /* AppDelegate.swift in Sources */,
				9BED58171F961EE300E93FFD /* SettingsCell.swift in Sources */,
				9BED58131F9619CF00E93FFD /* SettingsVC.swift in Sources */,
				9BAA93D81F7B4009001FEE61 /* AddSpellbookVC.swift in Sources */,
				9B797D141F7A162400A3449F /* SystemButton.swift in Sources */,
				9BE8263E1F748936007ECF9F /* Spellbook.xcdatamodeld in Sources */,
				9BAA94431F7EC181001FEE61 /* SpellCell.swift in Sources */,
				9B797D161F7A1B6900A3449F /* SpellbookCollectionCell.swift in Sources */,
				9BAA93D51F7B1EBA001FEE61 /* MainCoreDataHelper.swift in Sources */,
				9B797D181F7AACAF00A3449F /* SpellbookCollectionLayout.swift in Sources */,
				9BAA943B1F7D559D001FEE61 /* SelectorButton.swift in Sources */,
				9B4A81871FBA30E1003CE643 /* AddSpellbookFunctions.swift in Sources */,
				9B797D1B1F7AB0B500A3449F /* CharacterClass.swift in Sources */,
				9B33AAC91F8311E40027E0F5 /* CompendiumVC.swift in Sources */,
			);
			runOnlyForDeploymentPostprocessing = 0;
		};
/* End PBXSourcesBuildPhase section */

/* Begin PBXVariantGroup section */
		9BE826391F748936007ECF9F /* Main.storyboard */ = {
			isa = PBXVariantGroup;
			children = (
				9BE8263A1F748936007ECF9F /* Base */,
			);
			name = Main.storyboard;
			sourceTree = "<group>";
		};
		9BE826411F748936007ECF9F /* LaunchScreen.storyboard */ = {
			isa = PBXVariantGroup;
			children = (
				9BE826421F748936007ECF9F /* Base */,
			);
			name = LaunchScreen.storyboard;
			sourceTree = "<group>";
		};
/* End PBXVariantGroup section */

/* Begin XCBuildConfiguration section */
		9BE826451F748936007ECF9F /* Debug */ = {
			isa = XCBuildConfiguration;
			buildSettings = {
				ALWAYS_SEARCH_USER_PATHS = NO;
				CLANG_ANALYZER_NONNULL = YES;
				CLANG_ANALYZER_NUMBER_OBJECT_CONVERSION = YES_AGGRESSIVE;
				CLANG_CXX_LANGUAGE_STANDARD = "gnu++0x";
				CLANG_CXX_LIBRARY = "libc++";
				CLANG_ENABLE_MODULES = YES;
				CLANG_ENABLE_OBJC_ARC = YES;
				CLANG_WARN_BLOCK_CAPTURE_AUTORELEASING = YES;
				CLANG_WARN_BOOL_CONVERSION = YES;
				CLANG_WARN_COMMA = YES;
				CLANG_WARN_CONSTANT_CONVERSION = YES;
				CLANG_WARN_DIRECT_OBJC_ISA_USAGE = YES_ERROR;
				CLANG_WARN_DOCUMENTATION_COMMENTS = YES;
				CLANG_WARN_EMPTY_BODY = YES;
				CLANG_WARN_ENUM_CONVERSION = YES;
				CLANG_WARN_INFINITE_RECURSION = YES;
				CLANG_WARN_INT_CONVERSION = YES;
				CLANG_WARN_NON_LITERAL_NULL_CONVERSION = YES;
				CLANG_WARN_OBJC_LITERAL_CONVERSION = YES;
				CLANG_WARN_OBJC_ROOT_CLASS = YES_ERROR;
				CLANG_WARN_RANGE_LOOP_ANALYSIS = YES;
				CLANG_WARN_STRICT_PROTOTYPES = YES;
				CLANG_WARN_SUSPICIOUS_MOVE = YES;
				CLANG_WARN_UNREACHABLE_CODE = YES;
				CLANG_WARN__DUPLICATE_METHOD_MATCH = YES;
				"CODE_SIGN_IDENTITY[sdk=iphoneos*]" = "iPhone Developer";
				COPY_PHASE_STRIP = NO;
				DEBUG_INFORMATION_FORMAT = dwarf;
				ENABLE_STRICT_OBJC_MSGSEND = YES;
				ENABLE_TESTABILITY = YES;
				GCC_C_LANGUAGE_STANDARD = gnu99;
				GCC_DYNAMIC_NO_PIC = NO;
				GCC_NO_COMMON_BLOCKS = YES;
				GCC_OPTIMIZATION_LEVEL = 0;
				GCC_PREPROCESSOR_DEFINITIONS = (
					"DEBUG=1",
					"$(inherited)",
				);
				GCC_WARN_64_TO_32_BIT_CONVERSION = YES;
				GCC_WARN_ABOUT_RETURN_TYPE = YES_ERROR;
				GCC_WARN_UNDECLARED_SELECTOR = YES;
				GCC_WARN_UNINITIALIZED_AUTOS = YES_AGGRESSIVE;
				GCC_WARN_UNUSED_FUNCTION = YES;
				GCC_WARN_UNUSED_VARIABLE = YES;
				IPHONEOS_DEPLOYMENT_TARGET = 10.3;
				MTL_ENABLE_DEBUG_INFO = YES;
				ONLY_ACTIVE_ARCH = YES;
				SDKROOT = iphoneos;
				SWIFT_ACTIVE_COMPILATION_CONDITIONS = DEBUG;
				SWIFT_OPTIMIZATION_LEVEL = "-Onone";
				TARGETED_DEVICE_FAMILY = "1,2";
			};
			name = Debug;
		};
		9BE826461F748936007ECF9F /* Release */ = {
			isa = XCBuildConfiguration;
			buildSettings = {
				ALWAYS_SEARCH_USER_PATHS = NO;
				CLANG_ANALYZER_NONNULL = YES;
				CLANG_ANALYZER_NUMBER_OBJECT_CONVERSION = YES_AGGRESSIVE;
				CLANG_CXX_LANGUAGE_STANDARD = "gnu++0x";
				CLANG_CXX_LIBRARY = "libc++";
				CLANG_ENABLE_MODULES = YES;
				CLANG_ENABLE_OBJC_ARC = YES;
				CLANG_WARN_BLOCK_CAPTURE_AUTORELEASING = YES;
				CLANG_WARN_BOOL_CONVERSION = YES;
				CLANG_WARN_COMMA = YES;
				CLANG_WARN_CONSTANT_CONVERSION = YES;
				CLANG_WARN_DIRECT_OBJC_ISA_USAGE = YES_ERROR;
				CLANG_WARN_DOCUMENTATION_COMMENTS = YES;
				CLANG_WARN_EMPTY_BODY = YES;
				CLANG_WARN_ENUM_CONVERSION = YES;
				CLANG_WARN_INFINITE_RECURSION = YES;
				CLANG_WARN_INT_CONVERSION = YES;
				CLANG_WARN_NON_LITERAL_NULL_CONVERSION = YES;
				CLANG_WARN_OBJC_LITERAL_CONVERSION = YES;
				CLANG_WARN_OBJC_ROOT_CLASS = YES_ERROR;
				CLANG_WARN_RANGE_LOOP_ANALYSIS = YES;
				CLANG_WARN_STRICT_PROTOTYPES = YES;
				CLANG_WARN_SUSPICIOUS_MOVE = YES;
				CLANG_WARN_UNREACHABLE_CODE = YES;
				CLANG_WARN__DUPLICATE_METHOD_MATCH = YES;
				"CODE_SIGN_IDENTITY[sdk=iphoneos*]" = "iPhone Developer";
				COPY_PHASE_STRIP = NO;
				DEBUG_INFORMATION_FORMAT = "dwarf-with-dsym";
				ENABLE_NS_ASSERTIONS = NO;
				ENABLE_STRICT_OBJC_MSGSEND = YES;
				GCC_C_LANGUAGE_STANDARD = gnu99;
				GCC_NO_COMMON_BLOCKS = YES;
				GCC_WARN_64_TO_32_BIT_CONVERSION = YES;
				GCC_WARN_ABOUT_RETURN_TYPE = YES_ERROR;
				GCC_WARN_UNDECLARED_SELECTOR = YES;
				GCC_WARN_UNINITIALIZED_AUTOS = YES_AGGRESSIVE;
				GCC_WARN_UNUSED_FUNCTION = YES;
				GCC_WARN_UNUSED_VARIABLE = YES;
				IPHONEOS_DEPLOYMENT_TARGET = 10.3;
				MTL_ENABLE_DEBUG_INFO = NO;
				SDKROOT = iphoneos;
				SWIFT_OPTIMIZATION_LEVEL = "-Owholemodule";
				TARGETED_DEVICE_FAMILY = "1,2";
				VALIDATE_PRODUCT = YES;
			};
			name = Release;
		};
		9BE826481F748936007ECF9F /* Debug */ = {
			isa = XCBuildConfiguration;
			baseConfigurationReference = 3D653BA729B29EB7F5027B5B /* Pods-Spellbook.debug.xcconfig */;
			buildSettings = {
				ASSETCATALOG_COMPILER_APPICON_NAME = AppIcon;
				DEVELOPMENT_TEAM = 96SB47X67B;
				INFOPLIST_FILE = Spellbook/Info.plist;
				LD_RUNPATH_SEARCH_PATHS = "$(inherited) @executable_path/Frameworks";
				PRODUCT_BUNDLE_IDENTIFIER = com.CraunicProductions.Spellbook;
				PRODUCT_NAME = "$(TARGET_NAME)";
				SWIFT_SWIFT3_OBJC_INFERENCE = Default;
				SWIFT_VERSION = 4.0;
			};
			name = Debug;
		};
		9BE826491F748936007ECF9F /* Release */ = {
			isa = XCBuildConfiguration;
			baseConfigurationReference = EAB64A1BF10EC141DAABC2A4 /* Pods-Spellbook.release.xcconfig */;
			buildSettings = {
				ASSETCATALOG_COMPILER_APPICON_NAME = AppIcon;
				DEVELOPMENT_TEAM = 96SB47X67B;
				INFOPLIST_FILE = Spellbook/Info.plist;
				LD_RUNPATH_SEARCH_PATHS = "$(inherited) @executable_path/Frameworks";
				PRODUCT_BUNDLE_IDENTIFIER = com.CraunicProductions.Spellbook;
				PRODUCT_NAME = "$(TARGET_NAME)";
				SWIFT_SWIFT3_OBJC_INFERENCE = Default;
				SWIFT_VERSION = 4.0;
			};
			name = Release;
		};
/* End XCBuildConfiguration section */

/* Begin XCConfigurationList section */
		9BE8262D1F748936007ECF9F /* Build configuration list for PBXProject "Spellbook" */ = {
			isa = XCConfigurationList;
			buildConfigurations = (
				9BE826451F748936007ECF9F /* Debug */,
				9BE826461F748936007ECF9F /* Release */,
			);
			defaultConfigurationIsVisible = 0;
			defaultConfigurationName = Release;
		};
		9BE826471F748936007ECF9F /* Build configuration list for PBXNativeTarget "Spellbook" */ = {
			isa = XCConfigurationList;
			buildConfigurations = (
				9BE826481F748936007ECF9F /* Debug */,
				9BE826491F748936007ECF9F /* Release */,
			);
			defaultConfigurationIsVisible = 0;
			defaultConfigurationName = Release;
		};
/* End XCConfigurationList section */

/* Begin XCVersionGroup section */
		9BE8263C1F748936007ECF9F /* Spellbook.xcdatamodeld */ = {
			isa = XCVersionGroup;
			children = (
				9BE8263D1F748936007ECF9F /* Spellbook.xcdatamodel */,
			);
			currentVersion = 9BE8263D1F748936007ECF9F /* Spellbook.xcdatamodel */;
			path = Spellbook.xcdatamodeld;
			sourceTree = "<group>";
			versionGroupType = wrapper.xcdatamodel;
		};
/* End XCVersionGroup section */
	};
	rootObject = 9BE8262A1F748936007ECF9F /* Project object */;
}
